
Microsoft Visual Studio Solution File, Format Version 12.00
# Visual Studio Version 17
VisualStudioVersion = 17.1.32319.34
MinimumVisualStudioVersion = 10.0.40219.1
Project("{FAE04EC0-301F-11D3-BF4B-00C04F79EFBC}") = "CurrencyConverter_Static", "CurrencyConverter_Static.csproj", "{92F3DA06-B2DD-4ECC-B059-09D52E8F643D}"
EndProject
Global
	GlobalSection(SolutionConfigurationPlatforms) = preSolution
		Debug|Any CPU = Debug|Any CPU
		Release|Any CPU = Release|Any CPU
	EndGlobalSection
	GlobalSection(ProjectConfigurationPlatforms) = postSolution
		{92F3DA06-B2DD-4ECC-B059-09D52E8F643D}.Debug|Any CPU.ActiveCfg = Debug|Any CPU
		{92F3DA06-B2DD-4ECC-B059-09D52E8F643D}.Debug|Any CPU.Build.0 = Debug|Any CPU
		{92F3DA06-B2DD-4ECC-B059-09D52E8F643D}.Release|Any CPU.ActiveCfg = Release|Any CPU
		{92F3DA06-B2DD-4ECC-B059-09D52E8F643D}.Release|Any CPU.Build.0 = Release|Any CPU
	EndGlobalSection
	GlobalSection(SolutionProperties) = preSolution
		HideSolutionNode = FALSE
	EndGlobalSection
	GlobalSection(ExtensibilityGlobals) = postSolution
		SolutionGuid = {577F445A-8DDD-4B71-BD99-2FC978788F4E}
	EndGlobalSection
EndGlobal
